// !$*UTF8*$!
{
	archiveVersion = 1;
	classes = {
	};
	objectVersion = 56;
	objects = {

/* Begin PBXBuildFile section */
		37589AB0056FBEE430867AD4 /* Pods_TrackerNew.framework in Frameworks */ = {isa = PBXBuildFile; fileRef = 3434C2038A2EE412F7E3FC14 /* Pods_TrackerNew.framework */; };
		E03B46522C2DE98E00E53E05 /* AppDelegate.swift in Sources */ = {isa = PBXBuildFile; fileRef = E03B46512C2DE98E00E53E05 /* AppDelegate.swift */; };
		E03B46542C2DE98E00E53E05 /* SceneDelegate.swift in Sources */ = {isa = PBXBuildFile; fileRef = E03B46532C2DE98E00E53E05 /* SceneDelegate.swift */; };
		E03B465B2C2DE98F00E53E05 /* Assets.xcassets in Resources */ = {isa = PBXBuildFile; fileRef = E03B465A2C2DE98F00E53E05 /* Assets.xcassets */; };
		E03B465E2C2DE98F00E53E05 /* LaunchScreen.storyboard in Resources */ = {isa = PBXBuildFile; fileRef = E03B465C2C2DE98F00E53E05 /* LaunchScreen.storyboard */; };
		E03B46672C2DEFAC00E53E05 /* CreateTrackerViewController.swift in Sources */ = {isa = PBXBuildFile; fileRef = E03B46662C2DEFAC00E53E05 /* CreateTrackerViewController.swift */; };
		E03B46692C2DEFE400E53E05 /* SelectTypeEventViewController.swift in Sources */ = {isa = PBXBuildFile; fileRef = E03B46682C2DEFE400E53E05 /* SelectTypeEventViewController.swift */; };
		E03B466B2C2DF00C00E53E05 /* TackerTableCell.swift in Sources */ = {isa = PBXBuildFile; fileRef = E03B466A2C2DF00C00E53E05 /* TackerTableCell.swift */; };
		E03B466E2C2DF04D00E53E05 /* UIColor+Extension.swift in Sources */ = {isa = PBXBuildFile; fileRef = E03B466D2C2DF04D00E53E05 /* UIColor+Extension.swift */; };
		E03B46712C2DF08E00E53E05 /* Tracker.swift in Sources */ = {isa = PBXBuildFile; fileRef = E03B46702C2DF08E00E53E05 /* Tracker.swift */; };
		E03B46732C2DF0BC00E53E05 /* TrackerCategory.swift in Sources */ = {isa = PBXBuildFile; fileRef = E03B46722C2DF0BC00E53E05 /* TrackerCategory.swift */; };
		E03B46752C2DF0E700E53E05 /* TrackerRecord.swift in Sources */ = {isa = PBXBuildFile; fileRef = E03B46742C2DF0E700E53E05 /* TrackerRecord.swift */; };
		E03B46782C2DF12500E53E05 /* StatisticViewController.swift in Sources */ = {isa = PBXBuildFile; fileRef = E03B46772C2DF12500E53E05 /* StatisticViewController.swift */; };
		E03B467B2C2DF15C00E53E05 /* TabBarController.swift in Sources */ = {isa = PBXBuildFile; fileRef = E03B467A2C2DF15C00E53E05 /* TabBarController.swift */; };
		E03B467E2C2DF19C00E53E05 /* TrackersViewController.swift in Sources */ = {isa = PBXBuildFile; fileRef = E03B467D2C2DF19C00E53E05 /* TrackersViewController.swift */; };
		E03B46832C2DF66400E53E05 /* ScheduleViewController.swift in Sources */ = {isa = PBXBuildFile; fileRef = E03B46822C2DF66400E53E05 /* ScheduleViewController.swift */; };
		E03B46852C3000AD00E53E05 /* ScheduleTableCell.swift in Sources */ = {isa = PBXBuildFile; fileRef = E03B46842C3000AD00E53E05 /* ScheduleTableCell.swift */; };
		E03B46872C30257F00E53E05 /* Weekdays.swift in Sources */ = {isa = PBXBuildFile; fileRef = E03B46862C30257F00E53E05 /* Weekdays.swift */; };
		E03B468A2C3032BF00E53E05 /* CreateTrackerPresenter.swift in Sources */ = {isa = PBXBuildFile; fileRef = E03B46892C3032BF00E53E05 /* CreateTrackerPresenter.swift */; };
		E03B468C2C30331900E53E05 /* CreateTrackerPresenterProtocol.swift in Sources */ = {isa = PBXBuildFile; fileRef = E03B468B2C30331900E53E05 /* CreateTrackerPresenterProtocol.swift */; };
		E03B468E2C30337800E53E05 /* CreateTrackerViewControllerProtocol.swift in Sources */ = {isa = PBXBuildFile; fileRef = E03B468D2C30337800E53E05 /* CreateTrackerViewControllerProtocol.swift */; };
		E03B46922C3043DD00E53E05 /* CreateTrackerViewControllerDelegateDelegate.swift in Sources */ = {isa = PBXBuildFile; fileRef = E03B46912C3043DD00E53E05 /* CreateTrackerViewControllerDelegateDelegate.swift */; };
		E05472472C31ED3E009E86E6 /* TrackersViewControllerDelegate.swift in Sources */ = {isa = PBXBuildFile; fileRef = E05472462C31ED3E009E86E6 /* TrackersViewControllerDelegate.swift */; };
		E054724B2C392A3B009E86E6 /* EmojiCollectionViewCell.swift in Sources */ = {isa = PBXBuildFile; fileRef = E054724A2C392A3B009E86E6 /* EmojiCollectionViewCell.swift */; };
		E054724D2C3A8747009E86E6 /* ColorCollectionViewCell.swift in Sources */ = {isa = PBXBuildFile; fileRef = E054724C2C3A8747009E86E6 /* ColorCollectionViewCell.swift */; };
		E05472732C3AC3D0009E86E6 /* CoreDataModel.xcdatamodeld in Sources */ = {isa = PBXBuildFile; fileRef = E05472712C3AC3D0009E86E6 /* CoreDataModel.xcdatamodeld */; };
		E05472992C3DB928009E86E6 /* DaysValueTransformer.swift in Sources */ = {isa = PBXBuildFile; fileRef = E05472982C3DB928009E86E6 /* DaysValueTransformer.swift */; };
		E054729B2C3DBBDB009E86E6 /* UIColorMarshalling.swift in Sources */ = {isa = PBXBuildFile; fileRef = E054729A2C3DBBDB009E86E6 /* UIColorMarshalling.swift */; };
		E054729F2C3FA1D6009E86E6 /* TrackerCategoryStore.swift in Sources */ = {isa = PBXBuildFile; fileRef = E054729E2C3FA1D6009E86E6 /* TrackerCategoryStore.swift */; };
		E05472A12C445B4F009E86E6 /* TrackerStore.swift in Sources */ = {isa = PBXBuildFile; fileRef = E05472A02C445B4F009E86E6 /* TrackerStore.swift */; };
		E05472A32C445DA9009E86E6 /* TrackerRecordStore.swift in Sources */ = {isa = PBXBuildFile; fileRef = E05472A22C445DA9009E86E6 /* TrackerRecordStore.swift */; };
		E05472F52C5D2008009E86E6 /* OnboardingViewController.swift in Sources */ = {isa = PBXBuildFile; fileRef = E05472F42C5D2008009E86E6 /* OnboardingViewController.swift */; };
		E05472F72C5D2E2D009E86E6 /* PageViewController.swift in Sources */ = {isa = PBXBuildFile; fileRef = E05472F62C5D2E2D009E86E6 /* PageViewController.swift */; };
		E054731C2C60CB82009E86E6 /* CategoryViewController.swift in Sources */ = {isa = PBXBuildFile; fileRef = E054731B2C60CB82009E86E6 /* CategoryViewController.swift */; };
		E054731E2C60DC53009E86E6 /* CategoryTableCell.swift in Sources */ = {isa = PBXBuildFile; fileRef = E054731D2C60DC53009E86E6 /* CategoryTableCell.swift */; };
		E05473202C60FDE8009E86E6 /* CreateCategoryViewController.swift in Sources */ = {isa = PBXBuildFile; fileRef = E054731F2C60FDE8009E86E6 /* CreateCategoryViewController.swift */; };
		E06428DF2C623C6B0007BE15 /* CategoryViewModel.swift in Sources */ = {isa = PBXBuildFile; fileRef = E06428DE2C623C6B0007BE15 /* CategoryViewModel.swift */; };
		E06428EB2C68C6C50007BE15 /* Localizable.strings in Resources */ = {isa = PBXBuildFile; fileRef = E06428ED2C68C6C50007BE15 /* Localizable.strings */; };
		E06428F12C68E4050007BE15 /* Localizable.stringsdict in Resources */ = {isa = PBXBuildFile; fileRef = E06428F32C68E4050007BE15 /* Localizable.stringsdict */; };
		E0799E622C309434006C7F7A /* TrackerCollectionViewCell.swift in Sources */ = {isa = PBXBuildFile; fileRef = E0799E612C309434006C7F7A /* TrackerCollectionViewCell.swift */; };
		E0799E642C309B59006C7F7A /* CategoryView.swift in Sources */ = {isa = PBXBuildFile; fileRef = E0799E632C309B59006C7F7A /* CategoryView.swift */; };
		E0799E672C3179E1006C7F7A /* TrackersPresenter.swift in Sources */ = {isa = PBXBuildFile; fileRef = E0799E662C3179E1006C7F7A /* TrackersPresenter.swift */; };
		E0799E692C317A0C006C7F7A /* TrackersPresenterProtocol.swift in Sources */ = {isa = PBXBuildFile; fileRef = E0799E682C317A0C006C7F7A /* TrackersPresenterProtocol.swift */; };
		E0799E6B2C317ACD006C7F7A /* TrackersViewControllerProtocol.swift in Sources */ = {isa = PBXBuildFile; fileRef = E0799E6A2C317ACD006C7F7A /* TrackersViewControllerProtocol.swift */; };
		E0799E6D2C31E4F3006C7F7A /* SelectTypeEventViewControllerDelegate.swift in Sources */ = {isa = PBXBuildFile; fileRef = E0799E6C2C31E4F3006C7F7A /* SelectTypeEventViewControllerDelegate.swift */; };
		E0B5B4162C7097D8001C8D88 /* FiltersViewController.swift in Sources */ = {isa = PBXBuildFile; fileRef = E0B5B4152C7097D8001C8D88 /* FiltersViewController.swift */; };
		E0B5B41E2C71EE7F001C8D88 /* SnapshotTrackerTests.swift in Sources */ = {isa = PBXBuildFile; fileRef = E0B5B41D2C71EE7F001C8D88 /* SnapshotTrackerTests.swift */; };
		E0B5B4262C71EECB001C8D88 /* InlineSnapshotTesting in Frameworks */ = {isa = PBXBuildFile; productRef = E0B5B4252C71EECB001C8D88 /* InlineSnapshotTesting */; };
		E0B5B4282C71EECB001C8D88 /* SnapshotTesting in Frameworks */ = {isa = PBXBuildFile; productRef = E0B5B4272C71EECB001C8D88 /* SnapshotTesting */; };
		E0B5B42B2C72173D001C8D88 /* AnalyticsService.swift in Sources */ = {isa = PBXBuildFile; fileRef = E0B5B42A2C72173D001C8D88 /* AnalyticsService.swift */; };
		E0B5B42D2C724751001C8D88 /* StatisticTableCell.swift in Sources */ = {isa = PBXBuildFile; fileRef = E0B5B42C2C724751001C8D88 /* StatisticTableCell.swift */; };
/* End PBXBuildFile section */

/* Begin PBXContainerItemProxy section */
		E0B5B41F2C71EE7F001C8D88 /* PBXContainerItemProxy */ = {
			isa = PBXContainerItemProxy;
			containerPortal = E03B46462C2DE98E00E53E05 /* Project object */;
			proxyType = 1;
			remoteGlobalIDString = E03B464D2C2DE98E00E53E05;
			remoteInfo = TrackerNew;
		};
/* End PBXContainerItemProxy section */

/* Begin PBXFileReference section */
		1A4F0DE74BD63B0770F7C2EF /* Pods-TrackerNew.release.xcconfig */ = {isa = PBXFileReference; includeInIndex = 1; lastKnownFileType = text.xcconfig; name = "Pods-TrackerNew.release.xcconfig"; path = "Target Support Files/Pods-TrackerNew/Pods-TrackerNew.release.xcconfig"; sourceTree = "<group>"; };
		3434C2038A2EE412F7E3FC14 /* Pods_TrackerNew.framework */ = {isa = PBXFileReference; explicitFileType = wrapper.framework; includeInIndex = 0; path = Pods_TrackerNew.framework; sourceTree = BUILT_PRODUCTS_DIR; };
		E03B464E2C2DE98E00E53E05 /* TrackerNew.app */ = {isa = PBXFileReference; explicitFileType = wrapper.application; includeInIndex = 0; path = TrackerNew.app; sourceTree = BUILT_PRODUCTS_DIR; };
		E03B46512C2DE98E00E53E05 /* AppDelegate.swift */ = {isa = PBXFileReference; lastKnownFileType = sourcecode.swift; path = AppDelegate.swift; sourceTree = "<group>"; };
		E03B46532C2DE98E00E53E05 /* SceneDelegate.swift */ = {isa = PBXFileReference; lastKnownFileType = sourcecode.swift; path = SceneDelegate.swift; sourceTree = "<group>"; };
		E03B465A2C2DE98F00E53E05 /* Assets.xcassets */ = {isa = PBXFileReference; lastKnownFileType = folder.assetcatalog; path = Assets.xcassets; sourceTree = "<group>"; };
		E03B465D2C2DE98F00E53E05 /* Base */ = {isa = PBXFileReference; lastKnownFileType = file.storyboard; name = Base; path = Base.lproj/LaunchScreen.storyboard; sourceTree = "<group>"; };
		E03B465F2C2DE98F00E53E05 /* Info.plist */ = {isa = PBXFileReference; lastKnownFileType = text.plist.xml; path = Info.plist; sourceTree = "<group>"; };
		E03B46662C2DEFAC00E53E05 /* CreateTrackerViewController.swift */ = {isa = PBXFileReference; lastKnownFileType = sourcecode.swift; path = CreateTrackerViewController.swift; sourceTree = "<group>"; };
		E03B46682C2DEFE400E53E05 /* SelectTypeEventViewController.swift */ = {isa = PBXFileReference; lastKnownFileType = sourcecode.swift; path = SelectTypeEventViewController.swift; sourceTree = "<group>"; };
		E03B466A2C2DF00C00E53E05 /* TackerTableCell.swift */ = {isa = PBXFileReference; lastKnownFileType = sourcecode.swift; path = TackerTableCell.swift; sourceTree = "<group>"; };
		E03B466D2C2DF04D00E53E05 /* UIColor+Extension.swift */ = {isa = PBXFileReference; lastKnownFileType = sourcecode.swift; path = "UIColor+Extension.swift"; sourceTree = "<group>"; };
		E03B46702C2DF08E00E53E05 /* Tracker.swift */ = {isa = PBXFileReference; lastKnownFileType = sourcecode.swift; path = Tracker.swift; sourceTree = "<group>"; };
		E03B46722C2DF0BC00E53E05 /* TrackerCategory.swift */ = {isa = PBXFileReference; lastKnownFileType = sourcecode.swift; path = TrackerCategory.swift; sourceTree = "<group>"; };
		E03B46742C2DF0E700E53E05 /* TrackerRecord.swift */ = {isa = PBXFileReference; lastKnownFileType = sourcecode.swift; path = TrackerRecord.swift; sourceTree = "<group>"; };
		E03B46772C2DF12500E53E05 /* StatisticViewController.swift */ = {isa = PBXFileReference; lastKnownFileType = sourcecode.swift; path = StatisticViewController.swift; sourceTree = "<group>"; };
		E03B467A2C2DF15C00E53E05 /* TabBarController.swift */ = {isa = PBXFileReference; lastKnownFileType = sourcecode.swift; path = TabBarController.swift; sourceTree = "<group>"; };
		E03B467D2C2DF19C00E53E05 /* TrackersViewController.swift */ = {isa = PBXFileReference; lastKnownFileType = sourcecode.swift; path = TrackersViewController.swift; sourceTree = "<group>"; };
		E03B46822C2DF66400E53E05 /* ScheduleViewController.swift */ = {isa = PBXFileReference; lastKnownFileType = sourcecode.swift; path = ScheduleViewController.swift; sourceTree = "<group>"; };
		E03B46842C3000AD00E53E05 /* ScheduleTableCell.swift */ = {isa = PBXFileReference; lastKnownFileType = sourcecode.swift; path = ScheduleTableCell.swift; sourceTree = "<group>"; };
		E03B46862C30257F00E53E05 /* Weekdays.swift */ = {isa = PBXFileReference; lastKnownFileType = sourcecode.swift; path = Weekdays.swift; sourceTree = "<group>"; };
		E03B46892C3032BF00E53E05 /* CreateTrackerPresenter.swift */ = {isa = PBXFileReference; lastKnownFileType = sourcecode.swift; path = CreateTrackerPresenter.swift; sourceTree = "<group>"; };
		E03B468B2C30331900E53E05 /* CreateTrackerPresenterProtocol.swift */ = {isa = PBXFileReference; lastKnownFileType = sourcecode.swift; path = CreateTrackerPresenterProtocol.swift; sourceTree = "<group>"; };
		E03B468D2C30337800E53E05 /* CreateTrackerViewControllerProtocol.swift */ = {isa = PBXFileReference; lastKnownFileType = sourcecode.swift; path = CreateTrackerViewControllerProtocol.swift; sourceTree = "<group>"; };
		E03B46912C3043DD00E53E05 /* CreateTrackerViewControllerDelegateDelegate.swift */ = {isa = PBXFileReference; lastKnownFileType = sourcecode.swift; path = CreateTrackerViewControllerDelegateDelegate.swift; sourceTree = "<group>"; };
		E05472462C31ED3E009E86E6 /* TrackersViewControllerDelegate.swift */ = {isa = PBXFileReference; lastKnownFileType = sourcecode.swift; path = TrackersViewControllerDelegate.swift; sourceTree = "<group>"; };
		E054724A2C392A3B009E86E6 /* EmojiCollectionViewCell.swift */ = {isa = PBXFileReference; lastKnownFileType = sourcecode.swift; path = EmojiCollectionViewCell.swift; sourceTree = "<group>"; };
		E054724C2C3A8747009E86E6 /* ColorCollectionViewCell.swift */ = {isa = PBXFileReference; lastKnownFileType = sourcecode.swift; path = ColorCollectionViewCell.swift; sourceTree = "<group>"; };
		E05472722C3AC3D0009E86E6 /* CoreDataModel.xcdatamodel */ = {isa = PBXFileReference; lastKnownFileType = wrapper.xcdatamodel; path = CoreDataModel.xcdatamodel; sourceTree = "<group>"; };
		E05472982C3DB928009E86E6 /* DaysValueTransformer.swift */ = {isa = PBXFileReference; lastKnownFileType = sourcecode.swift; path = DaysValueTransformer.swift; sourceTree = "<group>"; };
		E054729A2C3DBBDB009E86E6 /* UIColorMarshalling.swift */ = {isa = PBXFileReference; lastKnownFileType = sourcecode.swift; path = UIColorMarshalling.swift; sourceTree = "<group>"; };
		E054729E2C3FA1D6009E86E6 /* TrackerCategoryStore.swift */ = {isa = PBXFileReference; lastKnownFileType = sourcecode.swift; path = TrackerCategoryStore.swift; sourceTree = "<group>"; };
		E05472A02C445B4F009E86E6 /* TrackerStore.swift */ = {isa = PBXFileReference; lastKnownFileType = sourcecode.swift; path = TrackerStore.swift; sourceTree = "<group>"; };
		E05472A22C445DA9009E86E6 /* TrackerRecordStore.swift */ = {isa = PBXFileReference; lastKnownFileType = sourcecode.swift; path = TrackerRecordStore.swift; sourceTree = "<group>"; };
		E05472F42C5D2008009E86E6 /* OnboardingViewController.swift */ = {isa = PBXFileReference; lastKnownFileType = sourcecode.swift; path = OnboardingViewController.swift; sourceTree = "<group>"; };
		E05472F62C5D2E2D009E86E6 /* PageViewController.swift */ = {isa = PBXFileReference; lastKnownFileType = sourcecode.swift; path = PageViewController.swift; sourceTree = "<group>"; };
		E054731B2C60CB82009E86E6 /* CategoryViewController.swift */ = {isa = PBXFileReference; lastKnownFileType = sourcecode.swift; path = CategoryViewController.swift; sourceTree = "<group>"; };
		E054731D2C60DC53009E86E6 /* CategoryTableCell.swift */ = {isa = PBXFileReference; lastKnownFileType = sourcecode.swift; path = CategoryTableCell.swift; sourceTree = "<group>"; };
		E054731F2C60FDE8009E86E6 /* CreateCategoryViewController.swift */ = {isa = PBXFileReference; lastKnownFileType = sourcecode.swift; path = CreateCategoryViewController.swift; sourceTree = "<group>"; };
		E06428DE2C623C6B0007BE15 /* CategoryViewModel.swift */ = {isa = PBXFileReference; lastKnownFileType = sourcecode.swift; path = CategoryViewModel.swift; sourceTree = "<group>"; };
		E06428EC2C68C6C50007BE15 /* en */ = {isa = PBXFileReference; lastKnownFileType = text.plist.strings; name = en; path = en.lproj/Localizable.strings; sourceTree = "<group>"; };
		E06428EE2C68D0850007BE15 /* ru */ = {isa = PBXFileReference; lastKnownFileType = text.plist.strings; name = ru; path = ru.lproj/Localizable.strings; sourceTree = "<group>"; };
		E06428F22C68E4050007BE15 /* ru */ = {isa = PBXFileReference; lastKnownFileType = text.plist.stringsdict; name = ru; path = ru.lproj/Localizable.stringsdict; sourceTree = "<group>"; };
		E06428F42C68E45F0007BE15 /* en */ = {isa = PBXFileReference; lastKnownFileType = text.plist.stringsdict; name = en; path = en.lproj/Localizable.stringsdict; sourceTree = "<group>"; };
		E0799E612C309434006C7F7A /* TrackerCollectionViewCell.swift */ = {isa = PBXFileReference; lastKnownFileType = sourcecode.swift; path = TrackerCollectionViewCell.swift; sourceTree = "<group>"; };
		E0799E632C309B59006C7F7A /* CategoryView.swift */ = {isa = PBXFileReference; lastKnownFileType = sourcecode.swift; path = CategoryView.swift; sourceTree = "<group>"; };
		E0799E662C3179E1006C7F7A /* TrackersPresenter.swift */ = {isa = PBXFileReference; lastKnownFileType = sourcecode.swift; path = TrackersPresenter.swift; sourceTree = "<group>"; };
		E0799E682C317A0C006C7F7A /* TrackersPresenterProtocol.swift */ = {isa = PBXFileReference; lastKnownFileType = sourcecode.swift; path = TrackersPresenterProtocol.swift; sourceTree = "<group>"; };
		E0799E6A2C317ACD006C7F7A /* TrackersViewControllerProtocol.swift */ = {isa = PBXFileReference; lastKnownFileType = sourcecode.swift; path = TrackersViewControllerProtocol.swift; sourceTree = "<group>"; };
		E0799E6C2C31E4F3006C7F7A /* SelectTypeEventViewControllerDelegate.swift */ = {isa = PBXFileReference; lastKnownFileType = sourcecode.swift; path = SelectTypeEventViewControllerDelegate.swift; sourceTree = "<group>"; };
		E0B5B4152C7097D8001C8D88 /* FiltersViewController.swift */ = {isa = PBXFileReference; lastKnownFileType = sourcecode.swift; path = FiltersViewController.swift; sourceTree = "<group>"; };
		E0B5B41B2C71EE7F001C8D88 /* SnapshotTrackerTests.xctest */ = {isa = PBXFileReference; explicitFileType = wrapper.cfbundle; includeInIndex = 0; path = SnapshotTrackerTests.xctest; sourceTree = BUILT_PRODUCTS_DIR; };
		E0B5B41D2C71EE7F001C8D88 /* SnapshotTrackerTests.swift */ = {isa = PBXFileReference; lastKnownFileType = sourcecode.swift; path = SnapshotTrackerTests.swift; sourceTree = "<group>"; };
		E0B5B42A2C72173D001C8D88 /* AnalyticsService.swift */ = {isa = PBXFileReference; lastKnownFileType = sourcecode.swift; path = AnalyticsService.swift; sourceTree = "<group>"; };
		E0B5B42C2C724751001C8D88 /* StatisticTableCell.swift */ = {isa = PBXFileReference; lastKnownFileType = sourcecode.swift; path = StatisticTableCell.swift; sourceTree = "<group>"; };
		F87A360D48E2095B374315D9 /* Pods-TrackerNew.debug.xcconfig */ = {isa = PBXFileReference; includeInIndex = 1; lastKnownFileType = text.xcconfig; name = "Pods-TrackerNew.debug.xcconfig"; path = "Target Support Files/Pods-TrackerNew/Pods-TrackerNew.debug.xcconfig"; sourceTree = "<group>"; };
/* End PBXFileReference section */

/* Begin PBXFrameworksBuildPhase section */
		E03B464B2C2DE98E00E53E05 /* Frameworks */ = {
			isa = PBXFrameworksBuildPhase;
			buildActionMask = 2147483647;
			files = (
				37589AB0056FBEE430867AD4 /* Pods_TrackerNew.framework in Frameworks */,
			);
			runOnlyForDeploymentPostprocessing = 0;
		};
		E0B5B4182C71EE7F001C8D88 /* Frameworks */ = {
			isa = PBXFrameworksBuildPhase;
			buildActionMask = 2147483647;
			files = (
				E0B5B4262C71EECB001C8D88 /* InlineSnapshotTesting in Frameworks */,
				E0B5B4282C71EECB001C8D88 /* SnapshotTesting in Frameworks */,
			);
			runOnlyForDeploymentPostprocessing = 0;
		};
/* End PBXFrameworksBuildPhase section */

/* Begin PBXGroup section */
		563ECEF4D0740DC106A238D2 /* Frameworks */ = {
			isa = PBXGroup;
			children = (
				3434C2038A2EE412F7E3FC14 /* Pods_TrackerNew.framework */,
			);
			name = Frameworks;
			sourceTree = "<group>";
		};
		CFB18DED1F3ED50AD95AE857 /* Pods */ = {
			isa = PBXGroup;
			children = (
				F87A360D48E2095B374315D9 /* Pods-TrackerNew.debug.xcconfig */,
				1A4F0DE74BD63B0770F7C2EF /* Pods-TrackerNew.release.xcconfig */,
			);
			path = Pods;
			sourceTree = "<group>";
		};
		E03B46452C2DE98E00E53E05 = {
			isa = PBXGroup;
			children = (
				E03B46502C2DE98E00E53E05 /* TrackerNew */,
				E0B5B41C2C71EE7F001C8D88 /* SnapshotTrackerTests */,
				E03B464F2C2DE98E00E53E05 /* Products */,
				CFB18DED1F3ED50AD95AE857 /* Pods */,
				563ECEF4D0740DC106A238D2 /* Frameworks */,
			);
			sourceTree = "<group>";
		};
		E03B464F2C2DE98E00E53E05 /* Products */ = {
			isa = PBXGroup;
			children = (
				E03B464E2C2DE98E00E53E05 /* TrackerNew.app */,
				E0B5B41B2C71EE7F001C8D88 /* SnapshotTrackerTests.xctest */,
			);
			name = Products;
			sourceTree = "<group>";
		};
		E03B46502C2DE98E00E53E05 /* TrackerNew */ = {
			isa = PBXGroup;
			children = (
				E0B5B4292C72172C001C8D88 /* AnalyticsService */,
				E06428E82C67B3130007BE15 /* Resources */,
				E05472F32C5D1FC5009E86E6 /* Onboarding */,
				E05472742C3AC98A009E86E6 /* CoreData */,
				E03B466C2C2DF03800E53E05 /* Extensions */,
				E03B466F2C2DF07B00E53E05 /* Models */,
				E03B46792C2DF14D00E53E05 /* TabBarController */,
				E0B5B4142C7097A1001C8D88 /* FiltersViewController */,
				E03B467C2C2DF18F00E53E05 /* TrackersViewController */,
				E03B46762C2DF11100E53E05 /* StatisticViewController */,
				E03B46652C2DEF8E00E53E05 /* CreateEvent */,
				E03B46512C2DE98E00E53E05 /* AppDelegate.swift */,
				E03B46532C2DE98E00E53E05 /* SceneDelegate.swift */,
				E03B465A2C2DE98F00E53E05 /* Assets.xcassets */,
				E03B465C2C2DE98F00E53E05 /* LaunchScreen.storyboard */,
				E03B465F2C2DE98F00E53E05 /* Info.plist */,
			);
			path = TrackerNew;
			sourceTree = "<group>";
		};
		E03B46652C2DEF8E00E53E05 /* CreateEvent */ = {
			isa = PBXGroup;
			children = (
				E03B467F2C2DF2BE00E53E05 /* SelectTypeEventViewController */,
				E03B46802C2DF2DA00E53E05 /* CreateTrackerViewController */,
				E054731A2C60CB4C009E86E6 /* CategoryViewController */,
				E03B46812C2DF61D00E53E05 /* ScheduleViewController */,
			);
			path = CreateEvent;
			sourceTree = "<group>";
		};
		E03B466C2C2DF03800E53E05 /* Extensions */ = {
			isa = PBXGroup;
			children = (
				E03B466D2C2DF04D00E53E05 /* UIColor+Extension.swift */,
			);
			path = Extensions;
			sourceTree = "<group>";
		};
		E03B466F2C2DF07B00E53E05 /* Models */ = {
			isa = PBXGroup;
			children = (
				E03B46702C2DF08E00E53E05 /* Tracker.swift */,
				E03B46722C2DF0BC00E53E05 /* TrackerCategory.swift */,
				E03B46742C2DF0E700E53E05 /* TrackerRecord.swift */,
				E03B46862C30257F00E53E05 /* Weekdays.swift */,
			);
			path = Models;
			sourceTree = "<group>";
		};
		E03B46762C2DF11100E53E05 /* StatisticViewController */ = {
			isa = PBXGroup;
			children = (
				E03B46772C2DF12500E53E05 /* StatisticViewController.swift */,
				E0B5B42C2C724751001C8D88 /* StatisticTableCell.swift */,
			);
			path = StatisticViewController;
			sourceTree = "<group>";
		};
		E03B46792C2DF14D00E53E05 /* TabBarController */ = {
			isa = PBXGroup;
			children = (
				E03B467A2C2DF15C00E53E05 /* TabBarController.swift */,
			);
			path = TabBarController;
			sourceTree = "<group>";
		};
		E03B467C2C2DF18F00E53E05 /* TrackersViewController */ = {
			isa = PBXGroup;
			children = (
				E03B467D2C2DF19C00E53E05 /* TrackersViewController.swift */,
				E0799E6A2C317ACD006C7F7A /* TrackersViewControllerProtocol.swift */,
				E0799E612C309434006C7F7A /* TrackerCollectionViewCell.swift */,
				E0799E632C309B59006C7F7A /* CategoryView.swift */,
				E05472462C31ED3E009E86E6 /* TrackersViewControllerDelegate.swift */,
				E0799E652C3179AA006C7F7A /* Presenter */,
			);
			path = TrackersViewController;
			sourceTree = "<group>";
		};
		E03B467F2C2DF2BE00E53E05 /* SelectTypeEventViewController */ = {
			isa = PBXGroup;
			children = (
				E03B46682C2DEFE400E53E05 /* SelectTypeEventViewController.swift */,
				E0799E6C2C31E4F3006C7F7A /* SelectTypeEventViewControllerDelegate.swift */,
			);
			path = SelectTypeEventViewController;
			sourceTree = "<group>";
		};
		E03B46802C2DF2DA00E53E05 /* CreateTrackerViewController */ = {
			isa = PBXGroup;
			children = (
				E03B468D2C30337800E53E05 /* CreateTrackerViewControllerProtocol.swift */,
				E03B46912C3043DD00E53E05 /* CreateTrackerViewControllerDelegateDelegate.swift */,
				E03B46662C2DEFAC00E53E05 /* CreateTrackerViewController.swift */,
				E054724A2C392A3B009E86E6 /* EmojiCollectionViewCell.swift */,
				E054724C2C3A8747009E86E6 /* ColorCollectionViewCell.swift */,
				E03B466A2C2DF00C00E53E05 /* TackerTableCell.swift */,
				E03B46882C30326800E53E05 /* Presenter */,
			);
			path = CreateTrackerViewController;
			sourceTree = "<group>";
		};
		E03B46812C2DF61D00E53E05 /* ScheduleViewController */ = {
			isa = PBXGroup;
			children = (
				E03B46822C2DF66400E53E05 /* ScheduleViewController.swift */,
				E03B46842C3000AD00E53E05 /* ScheduleTableCell.swift */,
			);
			path = ScheduleViewController;
			sourceTree = "<group>";
		};
		E03B46882C30326800E53E05 /* Presenter */ = {
			isa = PBXGroup;
			children = (
				E03B46892C3032BF00E53E05 /* CreateTrackerPresenter.swift */,
				E03B468B2C30331900E53E05 /* CreateTrackerPresenterProtocol.swift */,
			);
			path = Presenter;
			sourceTree = "<group>";
		};
		E05472742C3AC98A009E86E6 /* CoreData */ = {
			isa = PBXGroup;
			children = (
				E05472712C3AC3D0009E86E6 /* CoreDataModel.xcdatamodeld */,
				E05472982C3DB928009E86E6 /* DaysValueTransformer.swift */,
				E054729A2C3DBBDB009E86E6 /* UIColorMarshalling.swift */,
				E054729E2C3FA1D6009E86E6 /* TrackerCategoryStore.swift */,
				E05472A02C445B4F009E86E6 /* TrackerStore.swift */,
				E05472A22C445DA9009E86E6 /* TrackerRecordStore.swift */,
			);
			path = CoreData;
			sourceTree = "<group>";
		};
		E05472F32C5D1FC5009E86E6 /* Onboarding */ = {
			isa = PBXGroup;
			children = (
				E05472F42C5D2008009E86E6 /* OnboardingViewController.swift */,
				E05472F62C5D2E2D009E86E6 /* PageViewController.swift */,
			);
			path = Onboarding;
			sourceTree = "<group>";
		};
		E054731A2C60CB4C009E86E6 /* CategoryViewController */ = {
			isa = PBXGroup;
			children = (
				E054731B2C60CB82009E86E6 /* CategoryViewController.swift */,
				E06428DE2C623C6B0007BE15 /* CategoryViewModel.swift */,
				E054731D2C60DC53009E86E6 /* CategoryTableCell.swift */,
				E054731F2C60FDE8009E86E6 /* CreateCategoryViewController.swift */,
			);
			path = CategoryViewController;
			sourceTree = "<group>";
		};
		E06428E82C67B3130007BE15 /* Resources */ = {
			isa = PBXGroup;
			children = (
				E06428ED2C68C6C50007BE15 /* Localizable.strings */,
				E06428F32C68E4050007BE15 /* Localizable.stringsdict */,
			);
			path = Resources;
			sourceTree = "<group>";
		};
		E0799E652C3179AA006C7F7A /* Presenter */ = {
			isa = PBXGroup;
			children = (
				E0799E662C3179E1006C7F7A /* TrackersPresenter.swift */,
				E0799E682C317A0C006C7F7A /* TrackersPresenterProtocol.swift */,
			);
			path = Presenter;
			sourceTree = "<group>";
		};
		E0B5B4142C7097A1001C8D88 /* FiltersViewController */ = {
			isa = PBXGroup;
			children = (
				E0B5B4152C7097D8001C8D88 /* FiltersViewController.swift */,
			);
			path = FiltersViewController;
			sourceTree = "<group>";
		};
		E0B5B41C2C71EE7F001C8D88 /* SnapshotTrackerTests */ = {
			isa = PBXGroup;
			children = (
				E0B5B41D2C71EE7F001C8D88 /* SnapshotTrackerTests.swift */,
			);
			path = SnapshotTrackerTests;
			sourceTree = "<group>";
		};
		E0B5B4292C72172C001C8D88 /* AnalyticsService */ = {
			isa = PBXGroup;
			children = (
				E0B5B42A2C72173D001C8D88 /* AnalyticsService.swift */,
			);
			path = AnalyticsService;
			sourceTree = "<group>";
		};
/* End PBXGroup section */

/* Begin PBXNativeTarget section */
		E03B464D2C2DE98E00E53E05 /* TrackerNew */ = {
			isa = PBXNativeTarget;
			buildConfigurationList = E03B46622C2DE98F00E53E05 /* Build configuration list for PBXNativeTarget "TrackerNew" */;
			buildPhases = (
				BF33DC7A45B3D758E68CBF3C /* [CP] Check Pods Manifest.lock */,
				E03B464A2C2DE98E00E53E05 /* Sources */,
				E03B464B2C2DE98E00E53E05 /* Frameworks */,
				E03B464C2C2DE98E00E53E05 /* Resources */,
				4DDD8130AB5FE4044A201155 /* [CP] Embed Pods Frameworks */,
			);
			buildRules = (
			);
			dependencies = (
			);
			name = TrackerNew;
			productName = TrackerNew;
			productReference = E03B464E2C2DE98E00E53E05 /* TrackerNew.app */;
			productType = "com.apple.product-type.application";
		};
		E0B5B41A2C71EE7F001C8D88 /* SnapshotTrackerTests */ = {
			isa = PBXNativeTarget;
			buildConfigurationList = E0B5B4212C71EE7F001C8D88 /* Build configuration list for PBXNativeTarget "SnapshotTrackerTests" */;
			buildPhases = (
				E0B5B4172C71EE7F001C8D88 /* Sources */,
				E0B5B4182C71EE7F001C8D88 /* Frameworks */,
				E0B5B4192C71EE7F001C8D88 /* Resources */,
			);
			buildRules = (
			);
			dependencies = (
				E0B5B4202C71EE7F001C8D88 /* PBXTargetDependency */,
			);
			name = SnapshotTrackerTests;
			packageProductDependencies = (
				E0B5B4252C71EECB001C8D88 /* InlineSnapshotTesting */,
				E0B5B4272C71EECB001C8D88 /* SnapshotTesting */,
			);
			productName = SnapshotTrackerTests;
			productReference = E0B5B41B2C71EE7F001C8D88 /* SnapshotTrackerTests.xctest */;
			productType = "com.apple.product-type.bundle.unit-test";
		};
/* End PBXNativeTarget section */

/* Begin PBXProject section */
		E03B46462C2DE98E00E53E05 /* Project object */ = {
			isa = PBXProject;
			attributes = {
				BuildIndependentTargetsInParallel = 1;
				LastSwiftUpdateCheck = 1500;
				LastUpgradeCheck = 1500;
				TargetAttributes = {
					E03B464D2C2DE98E00E53E05 = {
						CreatedOnToolsVersion = 15.0.1;
					};
					E0B5B41A2C71EE7F001C8D88 = {
						CreatedOnToolsVersion = 15.0.1;
						TestTargetID = E03B464D2C2DE98E00E53E05;
					};
				};
			};
			buildConfigurationList = E03B46492C2DE98E00E53E05 /* Build configuration list for PBXProject "TrackerNew" */;
			compatibilityVersion = "Xcode 14.0";
			developmentRegion = en;
			hasScannedForEncodings = 0;
			knownRegions = (
				en,
				Base,
				ru,
			);
			mainGroup = E03B46452C2DE98E00E53E05;
			packageReferences = (
				E0B5B4242C71EECB001C8D88 /* XCRemoteSwiftPackageReference "swift-snapshot-testing" */,
			);
			productRefGroup = E03B464F2C2DE98E00E53E05 /* Products */;
			projectDirPath = "";
			projectRoot = "";
			targets = (
				E03B464D2C2DE98E00E53E05 /* TrackerNew */,
				E0B5B41A2C71EE7F001C8D88 /* SnapshotTrackerTests */,
			);
		};
/* End PBXProject section */

/* Begin PBXResourcesBuildPhase section */
		E03B464C2C2DE98E00E53E05 /* Resources */ = {
			isa = PBXResourcesBuildPhase;
			buildActionMask = 2147483647;
			files = (
				E03B465E2C2DE98F00E53E05 /* LaunchScreen.storyboard in Resources */,
				E06428F12C68E4050007BE15 /* Localizable.stringsdict in Resources */,
				E06428EB2C68C6C50007BE15 /* Localizable.strings in Resources */,
				E03B465B2C2DE98F00E53E05 /* Assets.xcassets in Resources */,
			);
			runOnlyForDeploymentPostprocessing = 0;
		};
		E0B5B4192C71EE7F001C8D88 /* Resources */ = {
			isa = PBXResourcesBuildPhase;
			buildActionMask = 2147483647;
			files = (
			);
			runOnlyForDeploymentPostprocessing = 0;
		};
/* End PBXResourcesBuildPhase section */

/* Begin PBXShellScriptBuildPhase section */
		4DDD8130AB5FE4044A201155 /* [CP] Embed Pods Frameworks */ = {
			isa = PBXShellScriptBuildPhase;
			buildActionMask = 2147483647;
			files = (
			);
			inputFileListPaths = (
				"${PODS_ROOT}/Target Support Files/Pods-TrackerNew/Pods-TrackerNew-frameworks-${CONFIGURATION}-input-files.xcfilelist",
			);
			name = "[CP] Embed Pods Frameworks";
			outputFileListPaths = (
				"${PODS_ROOT}/Target Support Files/Pods-TrackerNew/Pods-TrackerNew-frameworks-${CONFIGURATION}-output-files.xcfilelist",
			);
			runOnlyForDeploymentPostprocessing = 0;
			shellPath = /bin/sh;
			shellScript = "\"${PODS_ROOT}/Target Support Files/Pods-TrackerNew/Pods-TrackerNew-frameworks.sh\"\n";
			showEnvVarsInLog = 0;
		};
		BF33DC7A45B3D758E68CBF3C /* [CP] Check Pods Manifest.lock */ = {
			isa = PBXShellScriptBuildPhase;
			buildActionMask = 2147483647;
			files = (
			);
			inputFileListPaths = (
			);
			inputPaths = (
				"${PODS_PODFILE_DIR_PATH}/Podfile.lock",
				"${PODS_ROOT}/Manifest.lock",
			);
			name = "[CP] Check Pods Manifest.lock";
			outputFileListPaths = (
			);
			outputPaths = (
				"$(DERIVED_FILE_DIR)/Pods-TrackerNew-checkManifestLockResult.txt",
			);
			runOnlyForDeploymentPostprocessing = 0;
			shellPath = /bin/sh;
			shellScript = "diff \"${PODS_PODFILE_DIR_PATH}/Podfile.lock\" \"${PODS_ROOT}/Manifest.lock\" > /dev/null\nif [ $? != 0 ] ; then\n    # print error to STDERR\n    echo \"error: The sandbox is not in sync with the Podfile.lock. Run 'pod install' or update your CocoaPods installation.\" >&2\n    exit 1\nfi\n# This output is used by Xcode 'outputs' to avoid re-running this script phase.\necho \"SUCCESS\" > \"${SCRIPT_OUTPUT_FILE_0}\"\n";
			showEnvVarsInLog = 0;
		};
/* End PBXShellScriptBuildPhase section */

/* Begin PBXSourcesBuildPhase section */
		E03B464A2C2DE98E00E53E05 /* Sources */ = {
			isa = PBXSourcesBuildPhase;
			buildActionMask = 2147483647;
			files = (
				E03B46832C2DF66400E53E05 /* ScheduleViewController.swift in Sources */,
				E05472732C3AC3D0009E86E6 /* CoreDataModel.xcdatamodeld in Sources */,
				E03B46732C2DF0BC00E53E05 /* TrackerCategory.swift in Sources */,
				E05473202C60FDE8009E86E6 /* CreateCategoryViewController.swift in Sources */,
				E054729F2C3FA1D6009E86E6 /* TrackerCategoryStore.swift in Sources */,
				E03B466E2C2DF04D00E53E05 /* UIColor+Extension.swift in Sources */,
				E05472A32C445DA9009E86E6 /* TrackerRecordStore.swift in Sources */,
				E03B467E2C2DF19C00E53E05 /* TrackersViewController.swift in Sources */,
				E03B466B2C2DF00C00E53E05 /* TackerTableCell.swift in Sources */,
				E03B46872C30257F00E53E05 /* Weekdays.swift in Sources */,
				E03B46782C2DF12500E53E05 /* StatisticViewController.swift in Sources */,
				E054731E2C60DC53009E86E6 /* CategoryTableCell.swift in Sources */,
				E06428DF2C623C6B0007BE15 /* CategoryViewModel.swift in Sources */,
				E03B46672C2DEFAC00E53E05 /* CreateTrackerViewController.swift in Sources */,
				E03B46752C2DF0E700E53E05 /* TrackerRecord.swift in Sources */,
				E03B46922C3043DD00E53E05 /* CreateTrackerViewControllerDelegateDelegate.swift in Sources */,
				E03B46712C2DF08E00E53E05 /* Tracker.swift in Sources */,
				E05472992C3DB928009E86E6 /* DaysValueTransformer.swift in Sources */,
				E05472F72C5D2E2D009E86E6 /* PageViewController.swift in Sources */,
				E03B468C2C30331900E53E05 /* CreateTrackerPresenterProtocol.swift in Sources */,
				E03B468E2C30337800E53E05 /* CreateTrackerViewControllerProtocol.swift in Sources */,
				E0B5B4162C7097D8001C8D88 /* FiltersViewController.swift in Sources */,
				E0799E672C3179E1006C7F7A /* TrackersPresenter.swift in Sources */,
				E05472A12C445B4F009E86E6 /* TrackerStore.swift in Sources */,
				E03B46852C3000AD00E53E05 /* ScheduleTableCell.swift in Sources */,
				E03B46522C2DE98E00E53E05 /* AppDelegate.swift in Sources */,
				E0B5B42B2C72173D001C8D88 /* AnalyticsService.swift in Sources */,
				E0799E642C309B59006C7F7A /* CategoryView.swift in Sources */,
				E0799E6D2C31E4F3006C7F7A /* SelectTypeEventViewControllerDelegate.swift in Sources */,
				E03B467B2C2DF15C00E53E05 /* TabBarController.swift in Sources */,
				E054729B2C3DBBDB009E86E6 /* UIColorMarshalling.swift in Sources */,
				E0799E692C317A0C006C7F7A /* TrackersPresenterProtocol.swift in Sources */,
				E05472472C31ED3E009E86E6 /* TrackersViewControllerDelegate.swift in Sources */,
				E03B46542C2DE98E00E53E05 /* SceneDelegate.swift in Sources */,
				E054724D2C3A8747009E86E6 /* ColorCollectionViewCell.swift in Sources */,
				E03B46692C2DEFE400E53E05 /* SelectTypeEventViewController.swift in Sources */,
				E0799E622C309434006C7F7A /* TrackerCollectionViewCell.swift in Sources */,
				E0799E6B2C317ACD006C7F7A /* TrackersViewControllerProtocol.swift in Sources */,
				E0B5B42D2C724751001C8D88 /* StatisticTableCell.swift in Sources */,
				E054731C2C60CB82009E86E6 /* CategoryViewController.swift in Sources */,
				E05472F52C5D2008009E86E6 /* OnboardingViewController.swift in Sources */,
				E054724B2C392A3B009E86E6 /* EmojiCollectionViewCell.swift in Sources */,
				E03B468A2C3032BF00E53E05 /* CreateTrackerPresenter.swift in Sources */,
			);
			runOnlyForDeploymentPostprocessing = 0;
		};
		E0B5B4172C71EE7F001C8D88 /* Sources */ = {
			isa = PBXSourcesBuildPhase;
			buildActionMask = 2147483647;
			files = (
				E0B5B41E2C71EE7F001C8D88 /* SnapshotTrackerTests.swift in Sources */,
			);
			runOnlyForDeploymentPostprocessing = 0;
		};
/* End PBXSourcesBuildPhase section */

/* Begin PBXTargetDependency section */
		E0B5B4202C71EE7F001C8D88 /* PBXTargetDependency */ = {
			isa = PBXTargetDependency;
			target = E03B464D2C2DE98E00E53E05 /* TrackerNew */;
			targetProxy = E0B5B41F2C71EE7F001C8D88 /* PBXContainerItemProxy */;
		};
/* End PBXTargetDependency section */

/* Begin PBXVariantGroup section */
		E03B465C2C2DE98F00E53E05 /* LaunchScreen.storyboard */ = {
			isa = PBXVariantGroup;
			children = (
				E03B465D2C2DE98F00E53E05 /* Base */,
			);
			name = LaunchScreen.storyboard;
			sourceTree = "<group>";
		};
		E06428ED2C68C6C50007BE15 /* Localizable.strings */ = {
			isa = PBXVariantGroup;
			children = (
				E06428EC2C68C6C50007BE15 /* en */,
				E06428EE2C68D0850007BE15 /* ru */,
			);
			name = Localizable.strings;
			sourceTree = "<group>";
		};
		E06428F32C68E4050007BE15 /* Localizable.stringsdict */ = {
			isa = PBXVariantGroup;
			children = (
				E06428F22C68E4050007BE15 /* ru */,
				E06428F42C68E45F0007BE15 /* en */,
			);
			name = Localizable.stringsdict;
			sourceTree = "<group>";
		};
/* End PBXVariantGroup section */

/* Begin XCBuildConfiguration section */
		E03B46602C2DE98F00E53E05 /* Debug */ = {
			isa = XCBuildConfiguration;
			buildSettings = {
				ALWAYS_SEARCH_USER_PATHS = NO;
				ASSETCATALOG_COMPILER_GENERATE_SWIFT_ASSET_SYMBOL_EXTENSIONS = YES;
				CLANG_ANALYZER_LOCALIZABILITY_NONLOCALIZED = YES;
				CLANG_ANALYZER_NONNULL = YES;
				CLANG_ANALYZER_NUMBER_OBJECT_CONVERSION = YES_AGGRESSIVE;
				CLANG_CXX_LANGUAGE_STANDARD = "gnu++20";
				CLANG_ENABLE_MODULES = YES;
				CLANG_ENABLE_OBJC_ARC = YES;
				CLANG_ENABLE_OBJC_WEAK = YES;
				CLANG_WARN_BLOCK_CAPTURE_AUTORELEASING = YES;
				CLANG_WARN_BOOL_CONVERSION = YES;
				CLANG_WARN_COMMA = YES;
				CLANG_WARN_CONSTANT_CONVERSION = YES;
				CLANG_WARN_DEPRECATED_OBJC_IMPLEMENTATIONS = YES;
				CLANG_WARN_DIRECT_OBJC_ISA_USAGE = YES_ERROR;
				CLANG_WARN_DOCUMENTATION_COMMENTS = YES;
				CLANG_WARN_EMPTY_BODY = YES;
				CLANG_WARN_ENUM_CONVERSION = YES;
				CLANG_WARN_INFINITE_RECURSION = YES;
				CLANG_WARN_INT_CONVERSION = YES;
				CLANG_WARN_NON_LITERAL_NULL_CONVERSION = YES;
				CLANG_WARN_OBJC_IMPLICIT_RETAIN_SELF = YES;
				CLANG_WARN_OBJC_LITERAL_CONVERSION = YES;
				CLANG_WARN_OBJC_ROOT_CLASS = YES_ERROR;
				CLANG_WARN_QUOTED_INCLUDE_IN_FRAMEWORK_HEADER = YES;
				CLANG_WARN_RANGE_LOOP_ANALYSIS = YES;
				CLANG_WARN_STRICT_PROTOTYPES = YES;
				CLANG_WARN_SUSPICIOUS_MOVE = YES;
				CLANG_WARN_UNGUARDED_AVAILABILITY = YES_AGGRESSIVE;
				CLANG_WARN_UNREACHABLE_CODE = YES;
				CLANG_WARN__DUPLICATE_METHOD_MATCH = YES;
				COPY_PHASE_STRIP = NO;
				DEBUG_INFORMATION_FORMAT = dwarf;
				ENABLE_STRICT_OBJC_MSGSEND = YES;
				ENABLE_TESTABILITY = YES;
				ENABLE_USER_SCRIPT_SANDBOXING = NO;
				GCC_C_LANGUAGE_STANDARD = gnu17;
				GCC_DYNAMIC_NO_PIC = NO;
				GCC_NO_COMMON_BLOCKS = YES;
				GCC_OPTIMIZATION_LEVEL = 0;
				GCC_PREPROCESSOR_DEFINITIONS = (
					"DEBUG=1",
					"$(inherited)",
				);
				GCC_WARN_64_TO_32_BIT_CONVERSION = YES;
				GCC_WARN_ABOUT_RETURN_TYPE = YES_ERROR;
				GCC_WARN_UNDECLARED_SELECTOR = YES;
				GCC_WARN_UNINITIALIZED_AUTOS = YES_AGGRESSIVE;
				GCC_WARN_UNUSED_FUNCTION = YES;
				GCC_WARN_UNUSED_VARIABLE = YES;
				IPHONEOS_DEPLOYMENT_TARGET = 17.0;
				LOCALIZATION_PREFERS_STRING_CATALOGS = YES;
				MTL_ENABLE_DEBUG_INFO = INCLUDE_SOURCE;
				MTL_FAST_MATH = YES;
				ONLY_ACTIVE_ARCH = YES;
				SDKROOT = iphoneos;
				SWIFT_ACTIVE_COMPILATION_CONDITIONS = "DEBUG $(inherited)";
				SWIFT_OPTIMIZATION_LEVEL = "-Onone";
			};
			name = Debug;
		};
		E03B46612C2DE98F00E53E05 /* Release */ = {
			isa = XCBuildConfiguration;
			buildSettings = {
				ALWAYS_SEARCH_USER_PATHS = NO;
				ASSETCATALOG_COMPILER_GENERATE_SWIFT_ASSET_SYMBOL_EXTENSIONS = YES;
				CLANG_ANALYZER_LOCALIZABILITY_NONLOCALIZED = YES;
				CLANG_ANALYZER_NONNULL = YES;
				CLANG_ANALYZER_NUMBER_OBJECT_CONVERSION = YES_AGGRESSIVE;
				CLANG_CXX_LANGUAGE_STANDARD = "gnu++20";
				CLANG_ENABLE_MODULES = YES;
				CLANG_ENABLE_OBJC_ARC = YES;
				CLANG_ENABLE_OBJC_WEAK = YES;
				CLANG_WARN_BLOCK_CAPTURE_AUTORELEASING = YES;
				CLANG_WARN_BOOL_CONVERSION = YES;
				CLANG_WARN_COMMA = YES;
				CLANG_WARN_CONSTANT_CONVERSION = YES;
				CLANG_WARN_DEPRECATED_OBJC_IMPLEMENTATIONS = YES;
				CLANG_WARN_DIRECT_OBJC_ISA_USAGE = YES_ERROR;
				CLANG_WARN_DOCUMENTATION_COMMENTS = YES;
				CLANG_WARN_EMPTY_BODY = YES;
				CLANG_WARN_ENUM_CONVERSION = YES;
				CLANG_WARN_INFINITE_RECURSION = YES;
				CLANG_WARN_INT_CONVERSION = YES;
				CLANG_WARN_NON_LITERAL_NULL_CONVERSION = YES;
				CLANG_WARN_OBJC_IMPLICIT_RETAIN_SELF = YES;
				CLANG_WARN_OBJC_LITERAL_CONVERSION = YES;
				CLANG_WARN_OBJC_ROOT_CLASS = YES_ERROR;
				CLANG_WARN_QUOTED_INCLUDE_IN_FRAMEWORK_HEADER = YES;
				CLANG_WARN_RANGE_LOOP_ANALYSIS = YES;
				CLANG_WARN_STRICT_PROTOTYPES = YES;
				CLANG_WARN_SUSPICIOUS_MOVE = YES;
				CLANG_WARN_UNGUARDED_AVAILABILITY = YES_AGGRESSIVE;
				CLANG_WARN_UNREACHABLE_CODE = YES;
				CLANG_WARN__DUPLICATE_METHOD_MATCH = YES;
				COPY_PHASE_STRIP = NO;
				DEBUG_INFORMATION_FORMAT = "dwarf-with-dsym";
				ENABLE_NS_ASSERTIONS = NO;
				ENABLE_STRICT_OBJC_MSGSEND = YES;
				ENABLE_USER_SCRIPT_SANDBOXING = NO;
				GCC_C_LANGUAGE_STANDARD = gnu17;
				GCC_NO_COMMON_BLOCKS = YES;
				GCC_WARN_64_TO_32_BIT_CONVERSION = YES;
				GCC_WARN_ABOUT_RETURN_TYPE = YES_ERROR;
				GCC_WARN_UNDECLARED_SELECTOR = YES;
				GCC_WARN_UNINITIALIZED_AUTOS = YES_AGGRESSIVE;
				GCC_WARN_UNUSED_FUNCTION = YES;
				GCC_WARN_UNUSED_VARIABLE = YES;
				IPHONEOS_DEPLOYMENT_TARGET = 17.0;
				LOCALIZATION_PREFERS_STRING_CATALOGS = YES;
				MTL_ENABLE_DEBUG_INFO = NO;
				MTL_FAST_MATH = YES;
				SDKROOT = iphoneos;
				SWIFT_COMPILATION_MODE = wholemodule;
				VALIDATE_PRODUCT = YES;
			};
			name = Release;
		};
		E03B46632C2DE98F00E53E05 /* Debug */ = {
			isa = XCBuildConfiguration;
			baseConfigurationReference = F87A360D48E2095B374315D9 /* Pods-TrackerNew.debug.xcconfig */;
			buildSettings = {
				ASSETCATALOG_COMPILER_APPICON_NAME = AppIcon;
				ASSETCATALOG_COMPILER_GLOBAL_ACCENT_COLOR_NAME = AccentColor;
				CODE_SIGN_STYLE = Automatic;
				CURRENT_PROJECT_VERSION = 1;
				DEVELOPMENT_TEAM = 4G67MDM462;
				GENERATE_INFOPLIST_FILE = YES;
				INFOPLIST_FILE = TrackerNew/Info.plist;
				INFOPLIST_KEY_UIApplicationSupportsIndirectInputEvents = YES;
				INFOPLIST_KEY_UILaunchStoryboardName = LaunchScreen;
				INFOPLIST_KEY_UISupportedInterfaceOrientations_iPad = "UIInterfaceOrientationPortrait UIInterfaceOrientationPortraitUpsideDown UIInterfaceOrientationLandscapeLeft UIInterfaceOrientationLandscapeRight";
				INFOPLIST_KEY_UISupportedInterfaceOrientations_iPhone = "UIInterfaceOrientationPortrait UIInterfaceOrientationLandscapeLeft UIInterfaceOrientationLandscapeRight";
				IPHONEOS_DEPLOYMENT_TARGET = 13.4;
				LD_RUNPATH_SEARCH_PATHS = (
					"$(inherited)",
					"@executable_path/Frameworks",
				);
				MARKETING_VERSION = 1.0;
				PRODUCT_BUNDLE_IDENTIFIER = ru.practicum.trackerNew.TrackerNew;
				PRODUCT_NAME = "$(TARGET_NAME)";
				SUPPORTED_PLATFORMS = "iphoneos iphonesimulator";
				SUPPORTS_MACCATALYST = NO;
				SUPPORTS_MAC_DESIGNED_FOR_IPHONE_IPAD = NO;
				SWIFT_EMIT_LOC_STRINGS = YES;
				SWIFT_VERSION = 5.0;
				TARGETED_DEVICE_FAMILY = 1;
			};
			name = Debug;
		};
		E03B46642C2DE98F00E53E05 /* Release */ = {
			isa = XCBuildConfiguration;
			baseConfigurationReference = 1A4F0DE74BD63B0770F7C2EF /* Pods-TrackerNew.release.xcconfig */;
			buildSettings = {
				ASSETCATALOG_COMPILER_APPICON_NAME = AppIcon;
				ASSETCATALOG_COMPILER_GLOBAL_ACCENT_COLOR_NAME = AccentColor;
				CODE_SIGN_STYLE = Automatic;
				CURRENT_PROJECT_VERSION = 1;
				DEVELOPMENT_TEAM = 4G67MDM462;
				GENERATE_INFOPLIST_FILE = YES;
				INFOPLIST_FILE = TrackerNew/Info.plist;
				INFOPLIST_KEY_UIApplicationSupportsIndirectInputEvents = YES;
				INFOPLIST_KEY_UILaunchStoryboardName = LaunchScreen;
				INFOPLIST_KEY_UISupportedInterfaceOrientations_iPad = "UIInterfaceOrientationPortrait UIInterfaceOrientationPortraitUpsideDown UIInterfaceOrientationLandscapeLeft UIInterfaceOrientationLandscapeRight";
				INFOPLIST_KEY_UISupportedInterfaceOrientations_iPhone = "UIInterfaceOrientationPortrait UIInterfaceOrientationLandscapeLeft UIInterfaceOrientationLandscapeRight";
				IPHONEOS_DEPLOYMENT_TARGET = 13.4;
				LD_RUNPATH_SEARCH_PATHS = (
					"$(inherited)",
					"@executable_path/Frameworks",
				);
				MARKETING_VERSION = 1.0;
				PRODUCT_BUNDLE_IDENTIFIER = ru.practicum.trackerNew.TrackerNew;
				PRODUCT_NAME = "$(TARGET_NAME)";
				SUPPORTED_PLATFORMS = "iphoneos iphonesimulator";
				SUPPORTS_MACCATALYST = NO;
				SUPPORTS_MAC_DESIGNED_FOR_IPHONE_IPAD = NO;
				SWIFT_EMIT_LOC_STRINGS = YES;
				SWIFT_VERSION = 5.0;
				TARGETED_DEVICE_FAMILY = 1;
			};
			name = Release;
		};
		E0B5B4222C71EE7F001C8D88 /* Debug */ = {
			isa = XCBuildConfiguration;
			buildSettings = {
				BUNDLE_LOADER = "$(TEST_HOST)";
				CODE_SIGN_STYLE = Automatic;
				CURRENT_PROJECT_VERSION = 1;
				DEVELOPMENT_TEAM = 4G67MDM462;
				GENERATE_INFOPLIST_FILE = YES;
				MARKETING_VERSION = 1.0;
				PRODUCT_BUNDLE_IDENTIFIER = ru.practicum.testChildViewController.SnapshotTrackerTests;
				PRODUCT_NAME = "$(TARGET_NAME)";
				SWIFT_EMIT_LOC_STRINGS = NO;
				SWIFT_VERSION = 5.0;
				TARGETED_DEVICE_FAMILY = "1,2";
				TEST_HOST = "$(BUILT_PRODUCTS_DIR)/TrackerNew.app/$(BUNDLE_EXECUTABLE_FOLDER_PATH)/TrackerNew";
			};
			name = Debug;
		};
		E0B5B4232C71EE7F001C8D88 /* Release */ = {
			isa = XCBuildConfiguration;
			buildSettings = {
				BUNDLE_LOADER = "$(TEST_HOST)";
				CODE_SIGN_STYLE = Automatic;
				CURRENT_PROJECT_VERSION = 1;
				DEVELOPMENT_TEAM = 4G67MDM462;
				GENERATE_INFOPLIST_FILE = YES;
				MARKETING_VERSION = 1.0;
				PRODUCT_BUNDLE_IDENTIFIER = ru.practicum.testChildViewController.SnapshotTrackerTests;
				PRODUCT_NAME = "$(TARGET_NAME)";
				SWIFT_EMIT_LOC_STRINGS = NO;
				SWIFT_VERSION = 5.0;
				TARGETED_DEVICE_FAMILY = "1,2";
				TEST_HOST = "$(BUILT_PRODUCTS_DIR)/TrackerNew.app/$(BUNDLE_EXECUTABLE_FOLDER_PATH)/TrackerNew";
			};
			name = Release;
		};
/* End XCBuildConfiguration section */

/* Begin XCConfigurationList section */
		E03B46492C2DE98E00E53E05 /* Build configuration list for PBXProject "TrackerNew" */ = {
			isa = XCConfigurationList;
			buildConfigurations = (
				E03B46602C2DE98F00E53E05 /* Debug */,
				E03B46612C2DE98F00E53E05 /* Release */,
			);
			defaultConfigurationIsVisible = 0;
			defaultConfigurationName = Release;
		};
		E03B46622C2DE98F00E53E05 /* Build configuration list for PBXNativeTarget "TrackerNew" */ = {
			isa = XCConfigurationList;
			buildConfigurations = (
				E03B46632C2DE98F00E53E05 /* Debug */,
				E03B46642C2DE98F00E53E05 /* Release */,
			);
			defaultConfigurationIsVisible = 0;
			defaultConfigurationName = Release;
		};
		E0B5B4212C71EE7F001C8D88 /* Build configuration list for PBXNativeTarget "SnapshotTrackerTests" */ = {
			isa = XCConfigurationList;
			buildConfigurations = (
				E0B5B4222C71EE7F001C8D88 /* Debug */,
				E0B5B4232C71EE7F001C8D88 /* Release */,
			);
			defaultConfigurationIsVisible = 0;
			defaultConfigurationName = Release;
		};
/* End XCConfigurationList section */

/* Begin XCRemoteSwiftPackageReference section */
		E0B5B4242C71EECB001C8D88 /* XCRemoteSwiftPackageReference "swift-snapshot-testing" */ = {
			isa = XCRemoteSwiftPackageReference;
			repositoryURL = "https://github.com/pointfreeco/swift-snapshot-testing";
			requirement = {
				kind = upToNextMajorVersion;
				minimumVersion = 1.17.4;
			};
		};
/* End XCRemoteSwiftPackageReference section */

/* Begin XCSwiftPackageProductDependency section */
		E0B5B4252C71EECB001C8D88 /* InlineSnapshotTesting */ = {
			isa = XCSwiftPackageProductDependency;
			package = E0B5B4242C71EECB001C8D88 /* XCRemoteSwiftPackageReference "swift-snapshot-testing" */;
			productName = InlineSnapshotTesting;
		};
		E0B5B4272C71EECB001C8D88 /* SnapshotTesting */ = {
			isa = XCSwiftPackageProductDependency;
			package = E0B5B4242C71EECB001C8D88 /* XCRemoteSwiftPackageReference "swift-snapshot-testing" */;
			productName = SnapshotTesting;
		};
/* End XCSwiftPackageProductDependency section */

/* Begin XCVersionGroup section */
		E05472712C3AC3D0009E86E6 /* CoreDataModel.xcdatamodeld */ = {
			isa = XCVersionGroup;
			children = (
				E05472722C3AC3D0009E86E6 /* CoreDataModel.xcdatamodel */,
			);
			currentVersion = E05472722C3AC3D0009E86E6 /* CoreDataModel.xcdatamodel */;
			path = CoreDataModel.xcdatamodeld;
			sourceTree = "<group>";
			versionGroupType = wrapper.xcdatamodel;
		};
/* End XCVersionGroup section */
	};
	rootObject = E03B46462C2DE98E00E53E05 /* Project object */;
}
